
Microsoft Visual Studio Solution File, Format Version 12.00
# Visual Studio Version 16
VisualStudioVersion = 16.0.30523.141
MinimumVisualStudioVersion = 10.0.40219.1
Project("{9A19103F-16F7-4668-BE54-9A1E7A4F7556}") = "NETCOREM2_RAZORPAGES", "NETCOREM2_RAZORPAGES.csproj", "{BD8C3985-C396-4BE1-9433-3CDF51FABB64}"
EndProject
Project("{9A19103F-16F7-4668-BE54-9A1E7A4F7556}") = "Sales.BusinessObject", "..\Sales.BusinessObject\Sales.BusinessObject.csproj", "{560E4E52-42A4-40D5-95F9-11A0875760F8}"
EndProject
Project("{9A19103F-16F7-4668-BE54-9A1E7A4F7556}") = "Sales.DataAccess", "..\Sales.DataAccess\Sales.DataAccess.csproj", "{030C3E16-BAEE-4F6F-A080-7C924C0B55B2}"
EndProject
Global
	GlobalSection(SolutionConfigurationPlatforms) = preSolution
		Debug|Any CPU = Debug|Any CPU
		Release|Any CPU = Release|Any CPU
	EndGlobalSection
	GlobalSection(ProjectConfigurationPlatforms) = postSolution
		{BD8C3985-C396-4BE1-9433-3CDF51FABB64}.Debug|Any CPU.ActiveCfg = Debug|Any CPU
		{BD8C3985-C396-4BE1-9433-3CDF51FABB64}.Debug|Any CPU.Build.0 = Debug|Any CPU
		{BD8C3985-C396-4BE1-9433-3CDF51FABB64}.Release|Any CPU.ActiveCfg = Release|Any CPU
		{BD8C3985-C396-4BE1-9433-3CDF51FABB64}.Release|Any CPU.Build.0 = Release|Any CPU
		{560E4E52-42A4-40D5-95F9-11A0875760F8}.Debug|Any CPU.ActiveCfg = Debug|Any CPU
		{560E4E52-42A4-40D5-95F9-11A0875760F8}.Debug|Any CPU.Build.0 = Debug|Any CPU
		{560E4E52-42A4-40D5-95F9-11A0875760F8}.Release|Any CPU.ActiveCfg = Release|Any CPU
		{560E4E52-42A4-40D5-95F9-11A0875760F8}.Release|Any CPU.Build.0 = Release|Any CPU
		{030C3E16-BAEE-4F6F-A080-7C924C0B55B2}.Debug|Any CPU.ActiveCfg = Debug|Any CPU
		{030C3E16-BAEE-4F6F-A080-7C924C0B55B2}.Debug|Any CPU.Build.0 = Debug|Any CPU
		{030C3E16-BAEE-4F6F-A080-7C924C0B55B2}.Release|Any CPU.ActiveCfg = Release|Any CPU
		{030C3E16-BAEE-4F6F-A080-7C924C0B55B2}.Release|Any CPU.Build.0 = Release|Any CPU
	EndGlobalSection
	GlobalSection(SolutionProperties) = preSolution
		HideSolutionNode = FALSE
	EndGlobalSection
	GlobalSection(ExtensibilityGlobals) = postSolution
		SolutionGuid = {3F145067-5816-4249-B6A4-84933F18C161}
	EndGlobalSection
EndGlobal
